{
  "name": "project",
  "version": "1.0.0",
  "lockfileVersion": 1,
  "requires": true,
  "dependencies": {
    "jp-flames": {
      "version": "1.0.3",
      "resolved": "https://registry.npmjs.org/jp-flames/-/jp-flames-1.0.3.tgz",
      "integrity": "sha512-VjYAmSD0j6XYSh4OmT80gL5BDHwZbzrw6xAhpwcfWenOirSaRfRx26YaxQh4AJHXNxGtz+VwmejYiYG53kBprw=="
    },
    "npm-flames": {
      "version": "1.0.4",
      "resolved": "https://registry.npmjs.org/npm-flames/-/npm-flames-1.0.4.tgz",
      "integrity": "sha512-G68JToqlj+55AJocjKkuaFCXGz6mCHlj1MS8Smf5AM6m4MS7GUivP+1QEqPRUg3l7EpZ9RE4hq3Gmdg1bBZiFg=="
    }
  }
}
